
Microsoft Visual Studio Solution File, Format Version 12.00
# Visual Studio Version 16
VisualStudioVersion = 16.0.30002.166
MinimumVisualStudioVersion = 10.0.40219.1
Project("{2150E333-8FDC-42A3-9474-1A3956D46DE8}") = "Tests", "Tests", "{89D2B892-A571-4507-83F8-F2ABB7CAAA89}"
EndProject
Project("{9A19103F-16F7-4668-BE54-9A1E7A4F7556}") = "GeoboardShapes", "GeoboardShapes\GeoboardShapes.csproj", "{67CFE9FB-2A1A-4139-BFA8-000937EB8EEB}"
EndProject
Project("{9A19103F-16F7-4668-BE54-9A1E7A4F7556}") = "GeoboardShapes.Tests", "GeoboardShapes.Tests\GeoboardShapes.Tests.csproj", "{D117E35F-B58A-4E6F-8184-B8146B5FB85D}"
EndProject
Project("{888888A0-9F3D-457C-B088-3A5042F75D52}") = "ProjectEuler", "ProjectEuler\ProjectEuler.pyproj", "{7DEC9A91-BA76-4467-AB2E-BE5EF0CFD8E9}"
EndProject
Project("{9A19103F-16F7-4668-BE54-9A1E7A4F7556}") = "NumericalMethods", "NumericalMethods\NumericalMethods.csproj", "{DC930FAD-36F2-41C7-A2EC-EABFBC57AF72}"
EndProject
Project("{9A19103F-16F7-4668-BE54-9A1E7A4F7556}") = "NumericalMethods.Tests", "NumericalMethods.Tests\NumericalMethods.Tests.csproj", "{4C73056D-5451-4EA8-A891-9F866E5A292A}"
EndProject
Project("{6EC3EE1D-3C4E-46DD-8F32-0CC8E7565705}") = "EulerSolutions", "EulerSolutions\EulerSolutions.fsproj", "{A5032F3C-65FB-4147-9EA5-4E4230AC8B0A}"
EndProject
Project("{6EC3EE1D-3C4E-46DD-8F32-0CC8E7565705}") = "EulerSolutions.Tests", "EulerSolutions.Tests\EulerSolutions.Tests.fsproj", "{A29315E4-C633-42A0-B285-4D688C2FD615}"
EndProject
Global
	GlobalSection(SolutionConfigurationPlatforms) = preSolution
		Debug|Any CPU = Debug|Any CPU
		Release|Any CPU = Release|Any CPU
	EndGlobalSection
	GlobalSection(ProjectConfigurationPlatforms) = postSolution
		{67CFE9FB-2A1A-4139-BFA8-000937EB8EEB}.Debug|Any CPU.ActiveCfg = Debug|Any CPU
		{67CFE9FB-2A1A-4139-BFA8-000937EB8EEB}.Debug|Any CPU.Build.0 = Debug|Any CPU
		{67CFE9FB-2A1A-4139-BFA8-000937EB8EEB}.Release|Any CPU.ActiveCfg = Release|Any CPU
		{67CFE9FB-2A1A-4139-BFA8-000937EB8EEB}.Release|Any CPU.Build.0 = Release|Any CPU
		{D117E35F-B58A-4E6F-8184-B8146B5FB85D}.Debug|Any CPU.ActiveCfg = Debug|Any CPU
		{D117E35F-B58A-4E6F-8184-B8146B5FB85D}.Debug|Any CPU.Build.0 = Debug|Any CPU
		{D117E35F-B58A-4E6F-8184-B8146B5FB85D}.Release|Any CPU.ActiveCfg = Release|Any CPU
		{D117E35F-B58A-4E6F-8184-B8146B5FB85D}.Release|Any CPU.Build.0 = Release|Any CPU
		{7DEC9A91-BA76-4467-AB2E-BE5EF0CFD8E9}.Debug|Any CPU.ActiveCfg = Debug|Any CPU
		{7DEC9A91-BA76-4467-AB2E-BE5EF0CFD8E9}.Release|Any CPU.ActiveCfg = Release|Any CPU
		{DC930FAD-36F2-41C7-A2EC-EABFBC57AF72}.Debug|Any CPU.ActiveCfg = Debug|Any CPU
		{DC930FAD-36F2-41C7-A2EC-EABFBC57AF72}.Debug|Any CPU.Build.0 = Debug|Any CPU
		{DC930FAD-36F2-41C7-A2EC-EABFBC57AF72}.Release|Any CPU.ActiveCfg = Release|Any CPU
		{DC930FAD-36F2-41C7-A2EC-EABFBC57AF72}.Release|Any CPU.Build.0 = Release|Any CPU
		{4C73056D-5451-4EA8-A891-9F866E5A292A}.Debug|Any CPU.ActiveCfg = Debug|Any CPU
		{4C73056D-5451-4EA8-A891-9F866E5A292A}.Debug|Any CPU.Build.0 = Debug|Any CPU
		{4C73056D-5451-4EA8-A891-9F866E5A292A}.Release|Any CPU.ActiveCfg = Release|Any CPU
		{4C73056D-5451-4EA8-A891-9F866E5A292A}.Release|Any CPU.Build.0 = Release|Any CPU
		{A5032F3C-65FB-4147-9EA5-4E4230AC8B0A}.Debug|Any CPU.ActiveCfg = Debug|Any CPU
		{A5032F3C-65FB-4147-9EA5-4E4230AC8B0A}.Debug|Any CPU.Build.0 = Debug|Any CPU
		{A5032F3C-65FB-4147-9EA5-4E4230AC8B0A}.Release|Any CPU.ActiveCfg = Release|Any CPU
		{A5032F3C-65FB-4147-9EA5-4E4230AC8B0A}.Release|Any CPU.Build.0 = Release|Any CPU
		{A29315E4-C633-42A0-B285-4D688C2FD615}.Debug|Any CPU.ActiveCfg = Debug|Any CPU
		{A29315E4-C633-42A0-B285-4D688C2FD615}.Debug|Any CPU.Build.0 = Debug|Any CPU
		{A29315E4-C633-42A0-B285-4D688C2FD615}.Release|Any CPU.ActiveCfg = Release|Any CPU
		{A29315E4-C633-42A0-B285-4D688C2FD615}.Release|Any CPU.Build.0 = Release|Any CPU
	EndGlobalSection
	GlobalSection(SolutionProperties) = preSolution
		HideSolutionNode = FALSE
	EndGlobalSection
	GlobalSection(NestedProjects) = preSolution
		{D117E35F-B58A-4E6F-8184-B8146B5FB85D} = {89D2B892-A571-4507-83F8-F2ABB7CAAA89}
		{4C73056D-5451-4EA8-A891-9F866E5A292A} = {89D2B892-A571-4507-83F8-F2ABB7CAAA89}
		{A29315E4-C633-42A0-B285-4D688C2FD615} = {89D2B892-A571-4507-83F8-F2ABB7CAAA89}
	EndGlobalSection
	GlobalSection(ExtensibilityGlobals) = postSolution
		SolutionGuid = {8C32C4B0-C1E6-41FC-B4ED-B79EFC1C60E0}
	EndGlobalSection
EndGlobal
